// !$*UTF8*$!
{
	archiveVersion = 1;
	classes = {
	};
	objectVersion = 50;
	objects = {

/* Begin PBXBuildFile section */
		C3C3B5B82153D69500C932D1 /* AppDelegate.swift in Sources */ = {isa = PBXBuildFile; fileRef = C3C3B5B72153D69500C932D1 /* AppDelegate.swift */; };
		C3C3B5BA2153D69500C932D1 /* ViewController.swift in Sources */ = {isa = PBXBuildFile; fileRef = C3C3B5B92153D69500C932D1 /* ViewController.swift */; };
		C3C3B5BD2153D69500C932D1 /* Main.storyboard in Resources */ = {isa = PBXBuildFile; fileRef = C3C3B5BB2153D69500C932D1 /* Main.storyboard */; };
		C3C3B5BF2153D69500C932D1 /* Assets.xcassets in Resources */ = {isa = PBXBuildFile; fileRef = C3C3B5BE2153D69500C932D1 /* Assets.xcassets */; };
		C3C3B5C22153D69500C932D1 /* LaunchScreen.storyboard in Resources */ = {isa = PBXBuildFile; fileRef = C3C3B5C02153D69500C932D1 /* LaunchScreen.storyboard */; };
		C3C3B5CD2153D69600C932D1 /* KataAppTests.swift in Sources */ = {isa = PBXBuildFile; fileRef = C3C3B5CC2153D69600C932D1 /* KataAppTests.swift */; };
		C3C3B5D82153E09000C932D1 /* KataApp.swift in Sources */ = {isa = PBXBuildFile; fileRef = C3C3B5D72153E09000C932D1 /* KataApp.swift */; };
		C3C3B5D92153E09000C932D1 /* KataApp.swift in Sources */ = {isa = PBXBuildFile; fileRef = C3C3B5D72153E09000C932D1 /* KataApp.swift */; };
		C3C3B5DD2153E60500C932D1 /* Clock.swift in Sources */ = {isa = PBXBuildFile; fileRef = C3C3B5DC2153E60500C932D1 /* Clock.swift */; };
		C3C3B5DE2153E60500C932D1 /* Clock.swift in Sources */ = {isa = PBXBuildFile; fileRef = C3C3B5DC2153E60500C932D1 /* Clock.swift */; };
		C3C3B5E02153F32A00C932D1 /* AccessPresenter.swift in Sources */ = {isa = PBXBuildFile; fileRef = C3C3B5DF2153F32A00C932D1 /* AccessPresenter.swift */; };
		C3C3B5E12153F32A00C932D1 /* AccessPresenter.swift in Sources */ = {isa = PBXBuildFile; fileRef = C3C3B5DF2153F32A00C932D1 /* AccessPresenter.swift */; };
		C3C3B5E62153F9D500C932D1 /* AccessPresenterTest.swift in Sources */ = {isa = PBXBuildFile; fileRef = C3C3B5E52153F9D500C932D1 /* AccessPresenterTest.swift */; };
/* End PBXBuildFile section */

/* Begin PBXContainerItemProxy section */
		C3C3B5C92153D69500C932D1 /* PBXContainerItemProxy */ = {
			isa = PBXContainerItemProxy;
			containerPortal = C3C3B5AC2153D69500C932D1 /* Project object */;
			proxyType = 1;
			remoteGlobalIDString = C3C3B5B32153D69500C932D1;
			remoteInfo = KataLogInLogOut;
		};
/* End PBXContainerItemProxy section */

/* Begin PBXFileReference section */
		C3C3B5B42153D69500C932D1 /* KataLogInLogOut.app */ = {isa = PBXFileReference; explicitFileType = wrapper.application; includeInIndex = 0; path = KataLogInLogOut.app; sourceTree = BUILT_PRODUCTS_DIR; };
		C3C3B5B72153D69500C932D1 /* AppDelegate.swift */ = {isa = PBXFileReference; lastKnownFileType = sourcecode.swift; path = AppDelegate.swift; sourceTree = "<group>"; };
		C3C3B5B92153D69500C932D1 /* ViewController.swift */ = {isa = PBXFileReference; lastKnownFileType = sourcecode.swift; path = ViewController.swift; sourceTree = "<group>"; };
		C3C3B5BC2153D69500C932D1 /* Base */ = {isa = PBXFileReference; lastKnownFileType = file.storyboard; name = Base; path = Base.lproj/Main.storyboard; sourceTree = "<group>"; };
		C3C3B5BE2153D69500C932D1 /* Assets.xcassets */ = {isa = PBXFileReference; lastKnownFileType = folder.assetcatalog; path = Assets.xcassets; sourceTree = "<group>"; };
		C3C3B5C12153D69500C932D1 /* Base */ = {isa = PBXFileReference; lastKnownFileType = file.storyboard; name = Base; path = Base.lproj/LaunchScreen.storyboard; sourceTree = "<group>"; };
		C3C3B5C32153D69500C932D1 /* Info.plist */ = {isa = PBXFileReference; lastKnownFileType = text.plist.xml; path = Info.plist; sourceTree = "<group>"; };
		C3C3B5C82153D69500C932D1 /* KataLogInLogOutTests.xctest */ = {isa = PBXFileReference; explicitFileType = wrapper.cfbundle; includeInIndex = 0; path = KataLogInLogOutTests.xctest; sourceTree = BUILT_PRODUCTS_DIR; };
		C3C3B5CC2153D69600C932D1 /* KataAppTests.swift */ = {isa = PBXFileReference; lastKnownFileType = sourcecode.swift; path = KataAppTests.swift; sourceTree = "<group>"; };
		C3C3B5CE2153D69600C932D1 /* Info.plist */ = {isa = PBXFileReference; lastKnownFileType = text.plist.xml; path = Info.plist; sourceTree = "<group>"; };
		C3C3B5D72153E09000C932D1 /* KataApp.swift */ = {isa = PBXFileReference; lastKnownFileType = sourcecode.swift; path = KataApp.swift; sourceTree = "<group>"; };
		C3C3B5DC2153E60500C932D1 /* Clock.swift */ = {isa = PBXFileReference; lastKnownFileType = sourcecode.swift; path = Clock.swift; sourceTree = "<group>"; };
		C3C3B5DF2153F32A00C932D1 /* AccessPresenter.swift */ = {isa = PBXFileReference; lastKnownFileType = sourcecode.swift; path = AccessPresenter.swift; sourceTree = "<group>"; };
		C3C3B5E52153F9D500C932D1 /* AccessPresenterTest.swift */ = {isa = PBXFileReference; lastKnownFileType = sourcecode.swift; path = AccessPresenterTest.swift; sourceTree = "<group>"; };
/* End PBXFileReference section */

/* Begin PBXFrameworksBuildPhase section */
		C3C3B5B12153D69500C932D1 /* Frameworks */ = {
			isa = PBXFrameworksBuildPhase;
			buildActionMask = 2147483647;
			files = (
			);
			runOnlyForDeploymentPostprocessing = 0;
		};
		C3C3B5C52153D69500C932D1 /* Frameworks */ = {
			isa = PBXFrameworksBuildPhase;
			buildActionMask = 2147483647;
			files = (
			);
			runOnlyForDeploymentPostprocessing = 0;
		};
/* End PBXFrameworksBuildPhase section */

/* Begin PBXGroup section */
		C3C3B5AB2153D69500C932D1 = {
			isa = PBXGroup;
			children = (
				C3C3B5B62153D69500C932D1 /* KataLogInLogOut */,
				C3C3B5CB2153D69600C932D1 /* KataLogInLogOutTests */,
				C3C3B5B52153D69500C932D1 /* Products */,
			);
			sourceTree = "<group>";
		};
		C3C3B5B52153D69500C932D1 /* Products */ = {
			isa = PBXGroup;
			children = (
				C3C3B5B42153D69500C932D1 /* KataLogInLogOut.app */,
				C3C3B5C82153D69500C932D1 /* KataLogInLogOutTests.xctest */,
			);
			name = Products;
			sourceTree = "<group>";
		};
		C3C3B5B62153D69500C932D1 /* KataLogInLogOut */ = {
			isa = PBXGroup;
			children = (
				C3C3B5B72153D69500C932D1 /* AppDelegate.swift */,
				C3C3B5B92153D69500C932D1 /* ViewController.swift */,
				C3C3B5DF2153F32A00C932D1 /* AccessPresenter.swift */,
				C3C3B5D72153E09000C932D1 /* KataApp.swift */,
				C3C3B5DC2153E60500C932D1 /* Clock.swift */,
				C3C3B5BB2153D69500C932D1 /* Main.storyboard */,
				C3C3B5BE2153D69500C932D1 /* Assets.xcassets */,
				C3C3B5C02153D69500C932D1 /* LaunchScreen.storyboard */,
				C3C3B5C32153D69500C932D1 /* Info.plist */,
			);
			path = KataLogInLogOut;
			sourceTree = "<group>";
		};
		C3C3B5CB2153D69600C932D1 /* KataLogInLogOutTests */ = {
			isa = PBXGroup;
			children = (
				C3C3B5CC2153D69600C932D1 /* KataAppTests.swift */,
				C3C3B5E52153F9D500C932D1 /* AccessPresenterTest.swift */,
				C3C3B5CE2153D69600C932D1 /* Info.plist */,
			);
			path = KataLogInLogOutTests;
			sourceTree = "<group>";
		};
/* End PBXGroup section */

/* Begin PBXNativeTarget section */
		C3C3B5B32153D69500C932D1 /* KataLogInLogOut */ = {
			isa = PBXNativeTarget;
			buildConfigurationList = C3C3B5D12153D69600C932D1 /* Build configuration list for PBXNativeTarget "KataLogInLogOut" */;
			buildPhases = (
				C3C3B5B02153D69500C932D1 /* Sources */,
				C3C3B5B12153D69500C932D1 /* Frameworks */,
				C3C3B5B22153D69500C932D1 /* Resources */,
			);
			buildRules = (
			);
			dependencies = (
			);
			name = KataLogInLogOut;
			productName = KataLogInLogOut;
			productReference = C3C3B5B42153D69500C932D1 /* KataLogInLogOut.app */;
			productType = "com.apple.product-type.application";
		};
		C3C3B5C72153D69500C932D1 /* KataLogInLogOutTests */ = {
			isa = PBXNativeTarget;
			buildConfigurationList = C3C3B5D42153D69600C932D1 /* Build configuration list for PBXNativeTarget "KataLogInLogOutTests" */;
			buildPhases = (
				C3C3B5C42153D69500C932D1 /* Sources */,
				C3C3B5C52153D69500C932D1 /* Frameworks */,
				C3C3B5C62153D69500C932D1 /* Resources */,
			);
			buildRules = (
			);
			dependencies = (
				C3C3B5CA2153D69500C932D1 /* PBXTargetDependency */,
			);
			name = KataLogInLogOutTests;
			productName = KataLogInLogOutTests;
			productReference = C3C3B5C82153D69500C932D1 /* KataLogInLogOutTests.xctest */;
			productType = "com.apple.product-type.bundle.unit-test";
		};
/* End PBXNativeTarget section */

/* Begin PBXProject section */
		C3C3B5AC2153D69500C932D1 /* Project object */ = {
			isa = PBXProject;
			attributes = {
				LastSwiftUpdateCheck = 0940;
				LastUpgradeCheck = 0940;
				ORGANIZATIONNAME = com.github.albertopeam;
				TargetAttributes = {
					C3C3B5B32153D69500C932D1 = {
						CreatedOnToolsVersion = 9.4.1;
					};
					C3C3B5C72153D69500C932D1 = {
						CreatedOnToolsVersion = 9.4.1;
						TestTargetID = C3C3B5B32153D69500C932D1;
					};
				};
			};
			buildConfigurationList = C3C3B5AF2153D69500C932D1 /* Build configuration list for PBXProject "KataLogInLogOut" */;
			compatibilityVersion = "Xcode 9.3";
			developmentRegion = en;
			hasScannedForEncodings = 0;
			knownRegions = (
				en,
				Base,
			);
			mainGroup = C3C3B5AB2153D69500C932D1;
			productRefGroup = C3C3B5B52153D69500C932D1 /* Products */;
			projectDirPath = "";
			projectRoot = "";
			targets = (
				C3C3B5B32153D69500C932D1 /* KataLogInLogOut */,
				C3C3B5C72153D69500C932D1 /* KataLogInLogOutTests */,
			);
		};
/* End PBXProject section */

/* Begin PBXResourcesBuildPhase section */
		C3C3B5B22153D69500C932D1 /* Resources */ = {
			isa = PBXResourcesBuildPhase;
			buildActionMask = 2147483647;
			files = (
				C3C3B5C22153D69500C932D1 /* LaunchScreen.storyboard in Resources */,
				C3C3B5BF2153D69500C932D1 /* Assets.xcassets in Resources */,
				C3C3B5BD2153D69500C932D1 /* Main.storyboard in Resources */,
			);
			runOnlyForDeploymentPostprocessing = 0;
		};
		C3C3B5C62153D69500C932D1 /* Resources */ = {
			isa = PBXResourcesBuildPhase;
			buildActionMask = 2147483647;
			files = (
			);
			runOnlyForDeploymentPostprocessing = 0;
		};
/* End PBXResourcesBuildPhase section */

/* Begin PBXSourcesBuildPhase section */
		C3C3B5B02153D69500C932D1 /* Sources */ = {
			isa = PBXSourcesBuildPhase;
			buildActionMask = 2147483647;
			files = (
				C3C3B5E02153F32A00C932D1 /* AccessPresenter.swift in Sources */,
				C3C3B5BA2153D69500C932D1 /* ViewController.swift in Sources */,
				C3C3B5D82153E09000C932D1 /* KataApp.swift in Sources */,
				C3C3B5DD2153E60500C932D1 /* Clock.swift in Sources */,
				C3C3B5B82153D69500C932D1 /* AppDelegate.swift in Sources */,
			);
			runOnlyForDeploymentPostprocessing = 0;
		};
		C3C3B5C42153D69500C932D1 /* Sources */ = {
			isa = PBXSourcesBuildPhase;
			buildActionMask = 2147483647;
			files = (
				C3C3B5E62153F9D500C932D1 /* AccessPresenterTest.swift in Sources */,
				C3C3B5DE2153E60500C932D1 /* Clock.swift in Sources */,
				C3C3B5D92153E09000C932D1 /* KataApp.swift in Sources */,
				C3C3B5E12153F32A00C932D1 /* AccessPresenter.swift in Sources */,
				C3C3B5CD2153D69600C932D1 /* KataAppTests.swift in Sources */,
			);
			runOnlyForDeploymentPostprocessing = 0;
		};
/* End PBXSourcesBuildPhase section */

/* Begin PBXTargetDependency section */
		C3C3B5CA2153D69500C932D1 /* PBXTargetDependency */ = {
			isa = PBXTargetDependency;
			target = C3C3B5B32153D69500C932D1 /* KataLogInLogOut */;
			targetProxy = C3C3B5C92153D69500C932D1 /* PBXContainerItemProxy */;
		};
/* End PBXTargetDependency section */

/* Begin PBXVariantGroup section */
		C3C3B5BB2153D69500C932D1 /* Main.storyboard */ = {
			isa = PBXVariantGroup;
			children = (
				C3C3B5BC2153D69500C932D1 /* Base */,
			);
			name = Main.storyboard;
			sourceTree = "<group>";
		};
		C3C3B5C02153D69500C932D1 /* LaunchScreen.storyboard */ = {
			isa = PBXVariantGroup;
			children = (
				C3C3B5C12153D69500C932D1 /* Base */,
			);
			name = LaunchScreen.storyboard;
			sourceTree = "<group>";
		};
/* End PBXVariantGroup section */

/* Begin XCBuildConfiguration section */
		C3C3B5CF2153D69600C932D1 /* Debug */ = {
			isa = XCBuildConfiguration;
			buildSettings = {
				ALWAYS_SEARCH_USER_PATHS = NO;
				CLANG_ANALYZER_NONNULL = YES;
				CLANG_ANALYZER_NUMBER_OBJECT_CONVERSION = YES_AGGRESSIVE;
				CLANG_CXX_LANGUAGE_STANDARD = "gnu++14";
				CLANG_CXX_LIBRARY = "libc++";
				CLANG_ENABLE_MODULES = YES;
				CLANG_ENABLE_OBJC_ARC = YES;
				CLANG_ENABLE_OBJC_WEAK = YES;
				CLANG_WARN_BLOCK_CAPTURE_AUTORELEASING = YES;
				CLANG_WARN_BOOL_CONVERSION = YES;
				CLANG_WARN_COMMA = YES;
				CLANG_WARN_CONSTANT_CONVERSION = YES;
				CLANG_WARN_DEPRECATED_OBJC_IMPLEMENTATIONS = YES;
				CLANG_WARN_DIRECT_OBJC_ISA_USAGE = YES_ERROR;
				CLANG_WARN_DOCUMENTATION_COMMENTS = YES;
				CLANG_WARN_EMPTY_BODY = YES;
				CLANG_WARN_ENUM_CONVERSION = YES;
				CLANG_WARN_INFINITE_RECURSION = YES;
				CLANG_WARN_INT_CONVERSION = YES;
				CLANG_WARN_NON_LITERAL_NULL_CONVERSION = YES;
				CLANG_WARN_OBJC_IMPLICIT_RETAIN_SELF = YES;
				CLANG_WARN_OBJC_LITERAL_CONVERSION = YES;
				CLANG_WARN_OBJC_ROOT_CLASS = YES_ERROR;
				CLANG_WARN_RANGE_LOOP_ANALYSIS = YES;
				CLANG_WARN_STRICT_PROTOTYPES = YES;
				CLANG_WARN_SUSPICIOUS_MOVE = YES;
				CLANG_WARN_UNGUARDED_AVAILABILITY = YES_AGGRESSIVE;
				CLANG_WARN_UNREACHABLE_CODE = YES;
				CLANG_WARN__DUPLICATE_METHOD_MATCH = YES;
				CODE_SIGN_IDENTITY = "iPhone Developer";
				COPY_PHASE_STRIP = NO;
				DEBUG_INFORMATION_FORMAT = dwarf;
				ENABLE_STRICT_OBJC_MSGSEND = YES;
				ENABLE_TESTABILITY = YES;
				GCC_C_LANGUAGE_STANDARD = gnu11;
				GCC_DYNAMIC_NO_PIC = NO;
				GCC_NO_COMMON_BLOCKS = YES;
				GCC_OPTIMIZATION_LEVEL = 0;
				GCC_PREPROCESSOR_DEFINITIONS = (
					"DEBUG=1",
					"$(inherited)",
				);
				GCC_WARN_64_TO_32_BIT_CONVERSION = YES;
				GCC_WARN_ABOUT_RETURN_TYPE = YES_ERROR;
				GCC_WARN_UNDECLARED_SELECTOR = YES;
				GCC_WARN_UNINITIALIZED_AUTOS = YES_AGGRESSIVE;
				GCC_WARN_UNUSED_FUNCTION = YES;
				GCC_WARN_UNUSED_VARIABLE = YES;
				IPHONEOS_DEPLOYMENT_TARGET = 11.4;
				MTL_ENABLE_DEBUG_INFO = YES;
				ONLY_ACTIVE_ARCH = YES;
				SDKROOT = iphoneos;
				SWIFT_ACTIVE_COMPILATION_CONDITIONS = DEBUG;
				SWIFT_OPTIMIZATION_LEVEL = "-Onone";
			};
			name = Debug;
		};
		C3C3B5D02153D69600C932D1 /* Release */ = {
			isa = XCBuildConfiguration;
			buildSettings = {
				ALWAYS_SEARCH_USER_PATHS = NO;
				CLANG_ANALYZER_NONNULL = YES;
				CLANG_ANALYZER_NUMBER_OBJECT_CONVERSION = YES_AGGRESSIVE;
				CLANG_CXX_LANGUAGE_STANDARD = "gnu++14";
				CLANG_CXX_LIBRARY = "libc++";
				CLANG_ENABLE_MODULES = YES;
				CLANG_ENABLE_OBJC_ARC = YES;
				CLANG_ENABLE_OBJC_WEAK = YES;
				CLANG_WARN_BLOCK_CAPTURE_AUTORELEASING = YES;
				CLANG_WARN_BOOL_CONVERSION = YES;
				CLANG_WARN_COMMA = YES;
				CLANG_WARN_CONSTANT_CONVERSION = YES;
				CLANG_WARN_DEPRECATED_OBJC_IMPLEMENTATIONS = YES;
				CLANG_WARN_DIRECT_OBJC_ISA_USAGE = YES_ERROR;
				CLANG_WARN_DOCUMENTATION_COMMENTS = YES;
				CLANG_WARN_EMPTY_BODY = YES;
				CLANG_WARN_ENUM_CONVERSION = YES;
				CLANG_WARN_INFINITE_RECURSION = YES;
				CLANG_WARN_INT_CONVERSION = YES;
				CLANG_WARN_NON_LITERAL_NULL_CONVERSION = YES;
				CLANG_WARN_OBJC_IMPLICIT_RETAIN_SELF = YES;
				CLANG_WARN_OBJC_LITERAL_CONVERSION = YES;
				CLANG_WARN_OBJC_ROOT_CLASS = YES_ERROR;
				CLANG_WARN_RANGE_LOOP_ANALYSIS = YES;
				CLANG_WARN_STRICT_PROTOTYPES = YES;
				CLANG_WARN_SUSPICIOUS_MOVE = YES;
				CLANG_WARN_UNGUARDED_AVAILABILITY = YES_AGGRESSIVE;
				CLANG_WARN_UNREACHABLE_CODE = YES;
				CLANG_WARN__DUPLICATE_METHOD_MATCH = YES;
				CODE_SIGN_IDENTITY = "iPhone Developer";
				COPY_PHASE_STRIP = NO;
				DEBUG_INFORMATION_FORMAT = "dwarf-with-dsym";
				ENABLE_NS_ASSERTIONS = NO;
				ENABLE_STRICT_OBJC_MSGSEND = YES;
				GCC_C_LANGUAGE_STANDARD = gnu11;
				GCC_NO_COMMON_BLOCKS = YES;
				GCC_WARN_64_TO_32_BIT_CONVERSION = YES;
				GCC_WARN_ABOUT_RETURN_TYPE = YES_ERROR;
				GCC_WARN_UNDECLARED_SELECTOR = YES;
				GCC_WARN_UNINITIALIZED_AUTOS = YES_AGGRESSIVE;
				GCC_WARN_UNUSED_FUNCTION = YES;
				GCC_WARN_UNUSED_VARIABLE = YES;
				IPHONEOS_DEPLOYMENT_TARGET = 11.4;
				MTL_ENABLE_DEBUG_INFO = NO;
				SDKROOT = iphoneos;
				SWIFT_COMPILATION_MODE = wholemodule;
				SWIFT_OPTIMIZATION_LEVEL = "-O";
				VALIDATE_PRODUCT = YES;
			};
			name = Release;
		};
		C3C3B5D22153D69600C932D1 /* Debug */ = {
			isa = XCBuildConfiguration;
			buildSettings = {
				ASSETCATALOG_COMPILER_APPICON_NAME = AppIcon;
				CODE_SIGN_STYLE = Manual;
				DEVELOPMENT_TEAM = "";
				INFOPLIST_FILE = KataLogInLogOut/Info.plist;
				LD_RUNPATH_SEARCH_PATHS = (
					"$(inherited)",
					"@executable_path/Frameworks",
				);
				PRODUCT_BUNDLE_IDENTIFIER = com.github.albertopeam.KataLogInLogOut;
				PRODUCT_NAME = "$(TARGET_NAME)";
				PROVISIONING_PROFILE_SPECIFIER = "";
				SWIFT_VERSION = 4.0;
				TARGETED_DEVICE_FAMILY = "1,2";
			};
			name = Debug;
		};
		C3C3B5D32153D69600C932D1 /* Release */ = {
			isa = XCBuildConfiguration;
			buildSettings = {
				ASSETCATALOG_COMPILER_APPICON_NAME = AppIcon;
				CODE_SIGN_STYLE = Manual;
				DEVELOPMENT_TEAM = "";
				INFOPLIST_FILE = KataLogInLogOut/Info.plist;
				LD_RUNPATH_SEARCH_PATHS = (
					"$(inherited)",
					"@executable_path/Frameworks",
				);
				PRODUCT_BUNDLE_IDENTIFIER = com.github.albertopeam.KataLogInLogOut;
				PRODUCT_NAME = "$(TARGET_NAME)";
				PROVISIONING_PROFILE_SPECIFIER = "";
				SWIFT_VERSION = 4.0;
				TARGETED_DEVICE_FAMILY = "1,2";
			};
			name = Release;
		};
		C3C3B5D52153D69600C932D1 /* Debug */ = {
			isa = XCBuildConfiguration;
			buildSettings = {
				ALWAYS_EMBED_SWIFT_STANDARD_LIBRARIES = YES;
				BUNDLE_LOADER = "$(TEST_HOST)";
				CODE_SIGN_STYLE = Manual;
				DEVELOPMENT_TEAM = "";
				INFOPLIST_FILE = KataLogInLogOutTests/Info.plist;
				LD_RUNPATH_SEARCH_PATHS = (
					"$(inherited)",
					"@executable_path/Frameworks",
					"@loader_path/Frameworks",
				);
				PRODUCT_BUNDLE_IDENTIFIER = com.github.albertopeam.KataLogInLogOutTests;
				PRODUCT_NAME = "$(TARGET_NAME)";
				PROVISIONING_PROFILE_SPECIFIER = "";
				SWIFT_VERSION = 4.0;
				TARGETED_DEVICE_FAMILY = "1,2";
				TEST_HOST = "$(BUILT_PRODUCTS_DIR)/KataLogInLogOut.app/KataLogInLogOut";
			};
			name = Debug;
		};
		C3C3B5D62153D69600C932D1 /* Release */ = {
			isa = XCBuildConfiguration;
			buildSettings = {
				ALWAYS_EMBED_SWIFT_STANDARD_LIBRARIES = YES;
				BUNDLE_LOADER = "$(TEST_HOST)";
				CODE_SIGN_STYLE = Manual;
				DEVELOPMENT_TEAM = "";
				INFOPLIST_FILE = KataLogInLogOutTests/Info.plist;
				LD_RUNPATH_SEARCH_PATHS = (
					"$(inherited)",
					"@executable_path/Frameworks",
					"@loader_path/Frameworks",
				);
				PRODUCT_BUNDLE_IDENTIFIER = com.github.albertopeam.KataLogInLogOutTests;
				PRODUCT_NAME = "$(TARGET_NAME)";
				PROVISIONING_PROFILE_SPECIFIER = "";
				SWIFT_VERSION = 4.0;
				TARGETED_DEVICE_FAMILY = "1,2";
				TEST_HOST = "$(BUILT_PRODUCTS_DIR)/KataLogInLogOut.app/KataLogInLogOut";
			};
			name = Release;
		};
/* End XCBuildConfiguration section */

/* Begin XCConfigurationList section */
		C3C3B5AF2153D69500C932D1 /* Build configuration list for PBXProject "KataLogInLogOut" */ = {
			isa = XCConfigurationList;
			buildConfigurations = (
				C3C3B5CF2153D69600C932D1 /* Debug */,
				C3C3B5D02153D69600C932D1 /* Release */,
			);
			defaultConfigurationIsVisible = 0;
			defaultConfigurationName = Release;
		};
		C3C3B5D12153D69600C932D1 /* Build configuration list for PBXNativeTarget "KataLogInLogOut" */ = {
			isa = XCConfigurationList;
			buildConfigurations = (
				C3C3B5D22153D69600C932D1 /* Debug */,
				C3C3B5D32153D69600C932D1 /* Release */,
			);
			defaultConfigurationIsVisible = 0;
			defaultConfigurationName = Release;
		};
		C3C3B5D42153D69600C932D1 /* Build configuration list for PBXNativeTarget "KataLogInLogOutTests" */ = {
			isa = XCConfigurationList;
			buildConfigurations = (
				C3C3B5D52153D69600C932D1 /* Debug */,
				C3C3B5D62153D69600C932D1 /* Release */,
			);
			defaultConfigurationIsVisible = 0;
			defaultConfigurationName = Release;
		};
/* End XCConfigurationList section */
	};
	rootObject = C3C3B5AC2153D69500C932D1 /* Project object */;
}
